{
  "name": "private-mongoose-controls",
  "lockfileVersion": 3,
  "requires": true,
  "packages": {
    "": {
      "name": "private-mongoose-controls",
      "dependencies": {
        "async": "0.9.0",
        "hooks-fixed": "1.0.0",
        "kareem": "1.0.0",
        "mongodb": "2.0.14",
        "mpath": "0.1.1",
        "mpromise": "0.5.4",
        "mquery": "1.0.0",
        "ms": "0.1.0",
        "muri": "0.3.1",
        "regexp-clone": "0.0.1",
        "sliced": "0.0.5"
      }
    },
    "node_modules/async": {
      "version": "0.9.0",
      "resolved": "https://registry.npmjs.org/async/-/async-0.9.0.tgz",
      "integrity": "sha512-XQJ3MipmCHAIBBMFfu2jaSetneOrXbSyyqeU3Nod867oNOpS+i9FEms5PWgjMxSgBybRf2IVVLtr1YfrDO+okg=="
    },
    "node_modules/bson": {
      "version": "0.2.18",
      "resolved": "https://registry.npmjs.org/bson/-/bson-0.2.18.tgz",
      "integrity": "sha512-TqMsyN5C7sAi3epDqna+BHQ16MhgQFLLSKEDveNeEs7zD0MiTYSHXmnCr2RIpwIH1+6nYlDXXqHyzM9CD/Z6Yw==",
      "deprecated": "Fixed a critical issue with BSON serialization documented in CVE-2019-2391, see https://bit.ly/2KcpXdo for more details",
      "hasInstallScript": true,
      "dependencies": {
        "nan": "1.5.1"
      },
      "engines": {
        "node": ">=0.6.19"
      }
    },
    "node_modules/core-util-is": {
      "version": "1.0.3",
      "resolved": "https://registry.npmjs.org/core-util-is/-/core-util-is-1.0.3.tgz",
      "integrity": "sha512-ZQBvi1DcpJ4GDqanjucZ2Hj3wEO5pZDS89BWbkcrvdxksJorwUDDZamX9ldFkp9aw2lmBDLgkObEA4DWNJ9FYQ==",
      "license": "MIT"
    },
    "node_modules/debug": {
      "version": "0.7.4",
      "resolved": "https://registry.npmjs.org/debug/-/debug-0.7.4.tgz",
      "integrity": "sha512-EohAb3+DSHSGx8carOSKJe8G0ayV5/i609OD0J2orCkuyae7SyZSz2aoLmQF2s0Pj5gITDebwPH7GFBlqOUQ1Q==",
      "engines": {
        "node": "*"
      }
    },
    "node_modules/hooks-fixed": {
      "version": "1.0.0",
      "resolved": "https://registry.npmjs.org/hooks-fixed/-/hooks-fixed-1.0.0.tgz",
      "integrity": "sha512-37YgxwMhj3GnGvtCp8LauD/haYrhPYNMb2Fa7/AQ7XEYJAuW/CC6Uf0t42LXnUpHwdYCNmb+ngtabFmHcUe46Q==",
      "engines": {
        "node": ">=0.4.0"
      }
    },
    "node_modules/inherits": {
      "version": "2.0.4",
      "resolved": "https://registry.npmjs.org/inherits/-/inherits-2.0.4.tgz",
      "integrity": "sha512-k/vGaX4/Yla3WzyMCvTQOXYeIHvqOKtnqBduzTHpzpQZzAskKMhZ2K+EnBiSM9zGSoIFeMpXKxa4dYeZIQqewQ==",
      "license": "ISC"
    },
    "node_modules/isarray": {
      "version": "0.0.1",
      "resolved": "https://registry.npmjs.org/isarray/-/isarray-0.0.1.tgz",
      "integrity": "sha512-D2S+3GLxWH+uhrNEcoh/fnmYeP8E8/zHl644d/jdA0g2uyXvy3sb0qxotE+ne0LtccHknQzWwZEzhak7oJ0COQ==",
      "license": "MIT"
    },
    "node_modules/kareem": {
      "version": "1.0.0",
      "resolved": "https://registry.npmjs.org/kareem/-/kareem-1.0.0.tgz",
      "integrity": "sha512-5mjQWRkDEMlWuIj5s+6Vz8zWvAsWI8ZMj9R+0bfnISxtjYPAFA0hn0eVTh4+n/RVHDgSaVW8JREIEWaFROAkNQ==",
      "license": "Apache 2.0"
    },
    "node_modules/kerberos": {
      "version": "0.0.8",
      "resolved": "https://registry.npmjs.org/kerberos/-/kerberos-0.0.8.tgz",
      "integrity": "sha512-MryjxxCm8C5KrIyjfxyO1YEj9ob2rJxDR6KQ+SukcAG/SNxXTbdRoxAcM99V8IedvoxrNLr9XhMstoH8DVkqPg==",
      "hasInstallScript": true,
      "license": "Apache 2.0",
      "optional": true,
      "dependencies": {
        "nan": "1.5.1"
      }
    },
    "node_modules/minimist": {
      "version": "0.0.8",
      "resolved": "https://registry.npmjs.org/minimist/-/minimist-0.0.8.tgz",
      "integrity": "sha512-miQKw5Hv4NS1Psg2517mV4e4dYNaO3++hjAvLOAzKqZ61rH8NS1SK+vbfBWZ5PY/Me/bEWhUwqMghEW5Fb9T7Q==",
      "license": "MIT"
    },
    "node_modules/mkdirp": {
      "version": "0.5.0",
      "resolved": "https://registry.npmjs.org/mkdirp/-/mkdirp-0.5.0.tgz",
      "integrity": "sha512-xjjNGy+ry1lhtIKcr2PT6ok3aszhQfgrUDp4OZLHacgRgFmF6XR9XCOJVcXlVGQonIqXcK1DvqgKKQOPWYGSfw==",
      "deprecated": "Legacy versions of mkdirp are no longer supported. Please update to mkdirp 1.x. (Note that the API surface has changed to use Promises in 1.x.)",
      "license": "MIT",
      "dependencies": {
        "minimist": "0.0.8"
      },
      "bin": {
        "mkdirp": "bin/cmd.js"
      }
    },
    "node_modules/mongodb": {
      "version": "2.0.14",
      "resolved": "https://registry.npmjs.org/mongodb/-/mongodb-2.0.14.tgz",
      "integrity": "sha512-Bb5YrPnvM9KykxO496s8mDi8FC33hxbJ/P+ZkF0ryfB1UXMCzHJ+4rBxUbKj6v/C6HPZwoXpNDpaOK/6qw6mcg==",
      "deprecated": "Please upgrade to 2.2.19 or higher",
      "license": "Apache 2.0",
      "dependencies": {
        "mongodb-core": "1.1.9",
        "readable-stream": "1.0.31"
      }
    },
    "node_modules/mongodb-core": {
      "version": "1.1.9",
      "resolved": "https://registry.npmjs.org/mongodb-core/-/mongodb-core-1.1.9.tgz",
      "integrity": "sha512-yfbFyl8hgqOYoJsejiMVONxamFpOgMHmFiZQosCmsF5pLg2OCTUl+EM4P6nPeWV22Um84VBU6zAtqmgTlmIGAQ==",
      "license": "Apache 2.0",
      "dependencies": {
        "bson": "0.2.18",
        "mkdirp": "0.5.0",
        "rimraf": "2.2.6"
      },
      "optionalDependencies": {
        "kerberos": "0.0.8"
      }
    },
    "node_modules/mpath": {
      "version": "0.1.1",
      "resolved": "https://registry.npmjs.org/mpath/-/mpath-0.1.1.tgz",
      "integrity": "sha512-q3I8htqDfa7EiDyY4Nxywpuov+uEqy6FWCNK8iJ1DxxyPvQpbIvdf7LQ5ms9iXrYhj3BJ/ETAaozIo/j6Z7DGA==",
      "license": "MIT"
    },
    "node_modules/mpromise": {
      "version": "0.5.4",
      "resolved": "https://registry.npmjs.org/mpromise/-/mpromise-0.5.4.tgz",
      "integrity": "sha512-r+wWWght+ncv5vntgV84NJphcVCk6ZcUdKJc5KnbnOyEMyabLq8SpEqUBW0hoE9T0NDcf5cXw/uso+V3fOQEFA==",
      "deprecated": "Unsupported",
      "license": "MIT"
    },
    "node_modules/mquery": {
      "version": "1.0.0",
      "resolved": "https://registry.npmjs.org/mquery/-/mquery-1.0.0.tgz",
      "integrity": "sha512-v8EVsyC20NVlISRTzGgui3H6hv8SLIVI+GcSl2VxpwFM9UET3O0PvgHVG53aJa13UiaMj7O+q3NZ+7ySuoo2qQ==",
      "license": "MIT",
      "dependencies": {
        "debug": "0.7.4",
        "regexp-clone": "0.0.1",
        "sliced": "0.0.5"
      }
    },
    "node_modules/ms": {
      "version": "0.1.0",
      "resolved": "https://registry.npmjs.org/ms/-/ms-0.1.0.tgz",
      "integrity": "sha512-7uwYj3Xip4rOFpe5dDy+C25Ad0nAXkT4yAVMSpuh1UYR2Z7tAswSh4wb/HghRa533wofFUsvg54OQ90Mu1dCJg==",
      "engines": {
        "node": "*"
      }
    },
    "node_modules/muri": {
      "version": "0.3.1",
      "resolved": "https://registry.npmjs.org/muri/-/muri-0.3.1.tgz",
      "integrity": "sha512-Mv8Tz5IW0K5cDsWqr4fXVoGSxc2BM3BFag3TdhGkCGPPcYtYBDO2We0YUTruAhszG9NOZjXkgyB5C36PnT0q1A==",
      "deprecated": "This package is no longer supported. Please use https://www.npmjs.com/package/mongodb-connection-string-url",
      "license": "MIT"
    },
    "node_modules/nan": {
      "version": "1.5.1",
      "resolved": "https://registry.npmjs.org/nan/-/nan-1.5.1.tgz",
      "integrity": "sha512-c1qKzRC0PDlKysux3nZ5FIpBi88+k5ob6/HOk/XUMzjBKXpI7749zLmFCEdu/jAaKp8GZjyieaNzLeW4cuYNRg==",
      "license": "MIT"
    },
    "node_modules/readable-stream": {
      "version": "1.0.31",
      "resolved": "https://registry.npmjs.org/readable-stream/-/readable-stream-1.0.31.tgz",
      "integrity": "sha512-tco/Dwv1f/sgIgN6CWdj/restacPKNskK6yps1981ivH2ZmLYcs5o5rVzL3qaO/cSkhN8hYOMWs7+glzOLSgRg==",
      "license": "MIT",
      "dependencies": {
        "core-util-is": "~1.0.0",
        "inherits": "~2.0.1",
        "isarray": "0.0.1",
        "string_decoder": "~0.10.x"
      }
    },
    "node_modules/regexp-clone": {
      "version": "0.0.1",
      "resolved": "https://registry.npmjs.org/regexp-clone/-/regexp-clone-0.0.1.tgz",
      "integrity": "sha512-tfYXF0HXEYh3AtgdjqNLQ8+tmZSAKIS7KtOjmB1laJgfbsi+Lf2RVNwLZVOE3U27yBXikzQuIXglLlakvb8Thw==",
      "license": "MIT"
    },
    "node_modules/rimraf": {
      "version": "2.2.6",
      "resolved": "https://registry.npmjs.org/rimraf/-/rimraf-2.2.6.tgz",
      "integrity": "sha512-33Fa/MIw/3F9KcDE/uJ2OuYUyxY+fkmw1c20DFnyhP7dfo2+BexeE1thjluPiJaG8sW6CcaqnTffwpRd4NAiTg==",
      "deprecated": "Rimraf versions prior to v4 are no longer supported",
      "license": "MIT",
      "bin": {
        "rimraf": "bin.js"
      }
    },
    "node_modules/sliced": {
      "version": "0.0.5",
      "resolved": "https://registry.npmjs.org/sliced/-/sliced-0.0.5.tgz",
      "integrity": "sha512-9bYT917D6H3+q8GlQBJmLVz3bc4OeVGfZ2BB12wvLnluTGfG6/8UdOUbKJDW1EEx9SZMDbjnatkau5/XcUeyOw==",
      "deprecated": "Unsupported",
      "license": "MIT"
    },
    "node_modules/string_decoder": {
      "version": "0.10.31",
      "resolved": "https://registry.npmjs.org/string_decoder/-/string_decoder-0.10.31.tgz",
      "integrity": "sha512-ev2QzSzWPYmy9GuqfIVildA4OdcGLeFZQrq5ys6RtiuF+RQQiZWr8TZNyAcuVXyQRYfEO+MsoB/1BuQVhOJuoQ==",
      "license": "MIT"
    }
  }
}
