{
  "name": "private-corpus-controls",
  "lockfileVersion": 3,
  "requires": true,
  "packages": {
    "": {
      "name": "private-corpus-controls",
      "dependencies": {
        "byte": "~1.0.0",
        "debug": "~1.0.4",
        "is-type-of": "~0.3.1"
      }
    },
    "node_modules/byte": {
      "version": "1.0.0",
      "resolved": "https://registry.npmjs.org/byte/-/byte-1.0.0.tgz",
      "integrity": "sha512-EvIP2bUJ2bNB9Tt98MvylM53QsGbUXSQIrE9+u2b0/yRCjE5cP5UG48eHF2Hc+ejIkGsVh2tiiolBEi+T+mZQg==",
      "deprecated": "This version has security bug, please use byte@>=1.4.1",
      "license": "MIT",
      "dependencies": {
        "debug": "~1.0.4",
        "long": "~2.1.0",
        "utility": "~1.1.0"
      },
      "engines": {
        "node": ">= 0.10.0"
      }
    },
    "node_modules/core-util-is": {
      "version": "1.0.3",
      "resolved": "https://registry.npmjs.org/core-util-is/-/core-util-is-1.0.3.tgz",
      "integrity": "sha512-ZQBvi1DcpJ4GDqanjucZ2Hj3wEO5pZDS89BWbkcrvdxksJorwUDDZamX9ldFkp9aw2lmBDLgkObEA4DWNJ9FYQ==",
      "license": "MIT"
    },
    "node_modules/debug": {
      "version": "1.0.5",
      "resolved": "https://registry.npmjs.org/debug/-/debug-1.0.5.tgz",
      "integrity": "sha512-SIKSrp4+XqcUaNWhwaPJbLFnvSXPsZ4xBdH2WRK0Xo++UzMC4eepYghGAVhVhOwmfq3kqowqJ5w45R3pmYZnuA==",
      "dependencies": {
        "ms": "2.0.0"
      }
    },
    "node_modules/is-type-of": {
      "version": "0.3.1",
      "resolved": "https://registry.npmjs.org/is-type-of/-/is-type-of-0.3.1.tgz",
      "integrity": "sha512-M3scZa81y5oMcoLVk2csJnSOjwnWnoTOUB1l/QU9E05cLsb1WlFBq/x5qgEzoLH5v6ovXKdedS4JUwXjWOpOfQ==",
      "license": "MIT",
      "dependencies": {
        "core-util-is": "^1.0.1",
        "isstream": "^0.1.0"
      }
    },
    "node_modules/isstream": {
      "version": "0.1.2",
      "resolved": "https://registry.npmjs.org/isstream/-/isstream-0.1.2.tgz",
      "integrity": "sha512-Yljz7ffyPbrLpLngrMtZ7NduUgVvi6wG9RJ9IUcyCd59YQ911PBJphODUcbOVbqYfxe1wuYf/LJ8PauMRwsM/g==",
      "license": "MIT"
    },
    "node_modules/long": {
      "version": "2.1.0",
      "resolved": "https://registry.npmjs.org/long/-/long-2.1.0.tgz",
      "integrity": "sha512-34Y5SI/NQnO7mgQ0TkX//OC8H0jQiBYvM2WmRCDqmTYIGJBpOdi8Nq8r+3KgQP93rwuiYX3aSw9JbyHs5aeWfw==",
      "license": "Apache-2.0",
      "engines": {
        "node": ">=0.6"
      }
    },
    "node_modules/ms": {
      "version": "2.0.0",
      "resolved": "https://registry.npmjs.org/ms/-/ms-2.0.0.tgz",
      "integrity": "sha512-Tpp60P6IUJDTuOq/5Z8cdskzJujfwqfOTkrwIwj7IRISpnkJnT6SyJ4PCPnGMoFjC9ddhal5KVIYtAt97ix05A==",
      "license": "MIT"
    },
    "node_modules/utility": {
      "version": "1.1.0",
      "resolved": "https://registry.npmjs.org/utility/-/utility-1.1.0.tgz",
      "integrity": "sha512-s29mrBHN658DvE4ZBD/RQZFAxAxshmJ7wiZensUyO7ty90At0wavqpsPDkHHtkQTfIa8QGhi/Fr2XzhN4/VsiQ==",
      "license": "MIT",
      "engines": {
        "node": ">= 0.10.0"
      }
    }
  }
}
